
Microsoft Visual Studio Solution File, Format Version 12.00
# Visual Studio Version 17
VisualStudioVersion = 17.11.35431.28
MinimumVisualStudioVersion = 10.0.40219.1
Project("{FAE04EC0-301F-11D3-BF4B-00C04F79EFBC}") = "WebApiVersioning", "WebApiVersioning\WebApiVersioning.csproj", "{A615AC55-6696-401D-A407-9E8881BD33A0}"
EndProject
Global
	GlobalSection(SolutionConfigurationPlatforms) = preSolution
		Debug|Any CPU = Debug|Any CPU
		Release|Any CPU = Release|Any CPU
	EndGlobalSection
	GlobalSection(ProjectConfigurationPlatforms) = postSolution
		{A615AC55-6696-401D-A407-9E8881BD33A0}.Debug|Any CPU.ActiveCfg = Debug|Any CPU
		{A615AC55-6696-401D-A407-9E8881BD33A0}.Debug|Any CPU.Build.0 = Debug|Any CPU
		{A615AC55-6696-401D-A407-9E8881BD33A0}.Release|Any CPU.ActiveCfg = Release|Any CPU
		{A615AC55-6696-401D-A407-9E8881BD33A0}.Release|Any CPU.Build.0 = Release|Any CPU
	EndGlobalSection
	GlobalSection(SolutionProperties) = preSolution
		HideSolutionNode = FALSE
	EndGlobalSection
	GlobalSection(ExtensibilityGlobals) = postSolution
		SolutionGuid = {0319AF8E-D4A2-4D64-99E1-EE38FABF33A0}
	EndGlobalSection
EndGlobal
